
Microsoft Visual Studio Solution File, Format Version 12.00
# Visual Studio Version 16
VisualStudioVersion = 16.0.29709.97
MinimumVisualStudioVersion = 10.0.40219.1
Project("{2150E333-8FDC-42A3-9474-1A3956D46DE8}") = "MyName", "MyName", "{60E5636A-6529-49ED-AA46-20064F8B8FCF}"
EndProject
Project("{2150E333-8FDC-42A3-9474-1A3956D46DE8}") = "Features", "Features", "{7849F8AD-C750-459E-B01F-C6830A16D4D3}"
EndProject
Project("{2150E333-8FDC-42A3-9474-1A3956D46DE8}") = "ListOfNames", "ListOfNames", "{D51FAA9C-B073-43AA-B009-F3E0BD7C7020}"
EndProject
Project("{2150E333-8FDC-42A3-9474-1A3956D46DE8}") = "Apps", "Apps", "{20EB266E-C431-40C8-9578-B5CF9766B99E}"
EndProject
Project("{2150E333-8FDC-42A3-9474-1A3956D46DE8}") = "ITOps", "ITOps", "{EC59272C-970C-4115-9209-E519CAAFE754}"
EndProject
Project("{2150E333-8FDC-42A3-9474-1A3956D46DE8}") = "CountOfNames", "CountOfNames", "{6CB17CEB-FEA2-45FC-B337-70E1F82ED5DB}"
EndProject
Project("{2150E333-8FDC-42A3-9474-1A3956D46DE8}") = "src", "src", "{451223FE-9B70-436E-B5BF-D35274F721BB}"
EndProject
Project("{9A19103F-16F7-4668-BE54-9A1E7A4F7556}") = "App.Shared", "src\ITOps\App.Shared\App.Shared.csproj", "{4A5FC34D-C802-4B1D-A5EF-B61E4D5A6519}"
EndProject
Project("{9A19103F-16F7-4668-BE54-9A1E7A4F7556}") = "App4", "src\ITOps\App4\App4.csproj", "{4F55AB31-1797-4BBD-8903-A6B5F7536972}"
EndProject
Project("{9A19103F-16F7-4668-BE54-9A1E7A4F7556}") = "Features.ListOfNames", "src\Features\ListOfNames\Features.ListOfNames\Features.ListOfNames.csproj", "{8CDDA645-9227-4F85-B6B1-BB8F539BBB8C}"
EndProject
Project("{FAE04EC0-301F-11D3-BF4B-00C04F79EFBC}") = "Features.ListOfNames.UWP", "src\Features\ListOfNames\Features.ListOfNames.UWP\Features.ListOfNames.UWP.csproj", "{EC35EF7D-9C19-44E2-9EE7-6AC2B1D3A122}"
EndProject
Project("{9A19103F-16F7-4668-BE54-9A1E7A4F7556}") = "Features.ListOfNames.Xamarin", "src\Features\ListOfNames\Features.ListOfNames.Xamarin\Features.ListOfNames.Xamarin.csproj", "{0756865A-260E-41F0-927C-7729452CA2BC}"
EndProject
Project("{9A19103F-16F7-4668-BE54-9A1E7A4F7556}") = "Features.CountOfNames", "src\Features\CountofNames\Features.CountOfNames\Features.CountOfNames.csproj", "{4A865336-2E5B-41B3-83CE-334906E190BC}"
EndProject
Project("{FAE04EC0-301F-11D3-BF4B-00C04F79EFBC}") = "Features.CountOfNames.UWP", "src\Features\CountofNames\Features.CountOfNames.UWP\Features.CountOfNames.UWP.csproj", "{93A17B8A-BC49-4209-A2B3-32DAFAA22BFB}"
EndProject
Project("{FAE04EC0-301F-11D3-BF4B-00C04F79EFBC}") = "App4.Android", "src\Apps\App4.Android\App4.Android.csproj", "{F0870371-74D8-4673-9875-E4334BE601C0}"
EndProject
Project("{FAE04EC0-301F-11D3-BF4B-00C04F79EFBC}") = "App4.UWP", "src\Apps\App4.UWP\App4.UWP.csproj", "{D56689B2-B27C-4E99-8FB1-95BDAD0155FB}"
EndProject
Project("{9A19103F-16F7-4668-BE54-9A1E7A4F7556}") = "Feature.MyName", "src\Features\MyName\Feature.MyName\Feature.MyName.csproj", "{1D42FFDE-AC37-4E05-80BF-7D198EABF103}"
EndProject
Project("{9A19103F-16F7-4668-BE54-9A1E7A4F7556}") = "Feature.MyName.Tests", "src\Features\MyName\Feature.MyName.Tests\Feature.MyName.Tests.csproj", "{ADC1F583-89A9-4F77-A789-60A6D34E44E5}"
EndProject
Project("{FAE04EC0-301F-11D3-BF4B-00C04F79EFBC}") = "Feature.MyName.UWP", "src\Features\MyName\Feature.MyName.UWP\Feature.MyName.UWP.csproj", "{CCD40673-2C7C-422E-8CB0-3BF27D3577F3}"
EndProject
Project("{9A19103F-16F7-4668-BE54-9A1E7A4F7556}") = "Feature.MyName.Xamarin", "src\Features\MyName\Feature.MyName.Xamarin\Feature.MyName.Xamarin.csproj", "{BE0B6618-B962-4D13-87B1-E67D5B2CE504}"
EndProject
Global
	GlobalSection(SolutionConfigurationPlatforms) = preSolution
		Debug|Any CPU = Debug|Any CPU
		Debug|ARM = Debug|ARM
		Debug|ARM64 = Debug|ARM64
		Debug|x64 = Debug|x64
		Debug|x86 = Debug|x86
		Release|Any CPU = Release|Any CPU
		Release|ARM = Release|ARM
		Release|ARM64 = Release|ARM64
		Release|x64 = Release|x64
		Release|x86 = Release|x86
	EndGlobalSection
	GlobalSection(ProjectConfigurationPlatforms) = postSolution
		{4A5FC34D-C802-4B1D-A5EF-B61E4D5A6519}.Debug|Any CPU.ActiveCfg = Debug|Any CPU
		{4A5FC34D-C802-4B1D-A5EF-B61E4D5A6519}.Debug|Any CPU.Build.0 = Debug|Any CPU
		{4A5FC34D-C802-4B1D-A5EF-B61E4D5A6519}.Debug|ARM.ActiveCfg = Debug|Any CPU
		{4A5FC34D-C802-4B1D-A5EF-B61E4D5A6519}.Debug|ARM.Build.0 = Debug|Any CPU
		{4A5FC34D-C802-4B1D-A5EF-B61E4D5A6519}.Debug|ARM64.ActiveCfg = Debug|Any CPU
		{4A5FC34D-C802-4B1D-A5EF-B61E4D5A6519}.Debug|ARM64.Build.0 = Debug|Any CPU
		{4A5FC34D-C802-4B1D-A5EF-B61E4D5A6519}.Debug|x64.ActiveCfg = Debug|Any CPU
		{4A5FC34D-C802-4B1D-A5EF-B61E4D5A6519}.Debug|x64.Build.0 = Debug|Any CPU
		{4A5FC34D-C802-4B1D-A5EF-B61E4D5A6519}.Debug|x86.ActiveCfg = Debug|Any CPU
		{4A5FC34D-C802-4B1D-A5EF-B61E4D5A6519}.Debug|x86.Build.0 = Debug|Any CPU
		{4A5FC34D-C802-4B1D-A5EF-B61E4D5A6519}.Release|Any CPU.ActiveCfg = Release|Any CPU
		{4A5FC34D-C802-4B1D-A5EF-B61E4D5A6519}.Release|Any CPU.Build.0 = Release|Any CPU
		{4A5FC34D-C802-4B1D-A5EF-B61E4D5A6519}.Release|ARM.ActiveCfg = Release|Any CPU
		{4A5FC34D-C802-4B1D-A5EF-B61E4D5A6519}.Release|ARM.Build.0 = Release|Any CPU
		{4A5FC34D-C802-4B1D-A5EF-B61E4D5A6519}.Release|ARM64.ActiveCfg = Release|Any CPU
		{4A5FC34D-C802-4B1D-A5EF-B61E4D5A6519}.Release|ARM64.Build.0 = Release|Any CPU
		{4A5FC34D-C802-4B1D-A5EF-B61E4D5A6519}.Release|x64.ActiveCfg = Release|Any CPU
		{4A5FC34D-C802-4B1D-A5EF-B61E4D5A6519}.Release|x64.Build.0 = Release|Any CPU
		{4A5FC34D-C802-4B1D-A5EF-B61E4D5A6519}.Release|x86.ActiveCfg = Release|Any CPU
		{4A5FC34D-C802-4B1D-A5EF-B61E4D5A6519}.Release|x86.Build.0 = Release|Any CPU
		{4F55AB31-1797-4BBD-8903-A6B5F7536972}.Debug|Any CPU.ActiveCfg = Debug|Any CPU
		{4F55AB31-1797-4BBD-8903-A6B5F7536972}.Debug|Any CPU.Build.0 = Debug|Any CPU
		{4F55AB31-1797-4BBD-8903-A6B5F7536972}.Debug|ARM.ActiveCfg = Debug|Any CPU
		{4F55AB31-1797-4BBD-8903-A6B5F7536972}.Debug|ARM.Build.0 = Debug|Any CPU
		{4F55AB31-1797-4BBD-8903-A6B5F7536972}.Debug|ARM64.ActiveCfg = Debug|Any CPU
		{4F55AB31-1797-4BBD-8903-A6B5F7536972}.Debug|ARM64.Build.0 = Debug|Any CPU
		{4F55AB31-1797-4BBD-8903-A6B5F7536972}.Debug|x64.ActiveCfg = Debug|Any CPU
		{4F55AB31-1797-4BBD-8903-A6B5F7536972}.Debug|x64.Build.0 = Debug|Any CPU
		{4F55AB31-1797-4BBD-8903-A6B5F7536972}.Debug|x86.ActiveCfg = Debug|Any CPU
		{4F55AB31-1797-4BBD-8903-A6B5F7536972}.Debug|x86.Build.0 = Debug|Any CPU
		{4F55AB31-1797-4BBD-8903-A6B5F7536972}.Release|Any CPU.ActiveCfg = Release|Any CPU
		{4F55AB31-1797-4BBD-8903-A6B5F7536972}.Release|Any CPU.Build.0 = Release|Any CPU
		{4F55AB31-1797-4BBD-8903-A6B5F7536972}.Release|ARM.ActiveCfg = Release|Any CPU
		{4F55AB31-1797-4BBD-8903-A6B5F7536972}.Release|ARM.Build.0 = Release|Any CPU
		{4F55AB31-1797-4BBD-8903-A6B5F7536972}.Release|ARM64.ActiveCfg = Release|Any CPU
		{4F55AB31-1797-4BBD-8903-A6B5F7536972}.Release|ARM64.Build.0 = Release|Any CPU
		{4F55AB31-1797-4BBD-8903-A6B5F7536972}.Release|x64.ActiveCfg = Release|Any CPU
		{4F55AB31-1797-4BBD-8903-A6B5F7536972}.Release|x64.Build.0 = Release|Any CPU
		{4F55AB31-1797-4BBD-8903-A6B5F7536972}.Release|x86.ActiveCfg = Release|Any CPU
		{4F55AB31-1797-4BBD-8903-A6B5F7536972}.Release|x86.Build.0 = Release|Any CPU
		{8CDDA645-9227-4F85-B6B1-BB8F539BBB8C}.Debug|Any CPU.ActiveCfg = Debug|Any CPU
		{8CDDA645-9227-4F85-B6B1-BB8F539BBB8C}.Debug|Any CPU.Build.0 = Debug|Any CPU
		{8CDDA645-9227-4F85-B6B1-BB8F539BBB8C}.Debug|ARM.ActiveCfg = Debug|Any CPU
		{8CDDA645-9227-4F85-B6B1-BB8F539BBB8C}.Debug|ARM.Build.0 = Debug|Any CPU
		{8CDDA645-9227-4F85-B6B1-BB8F539BBB8C}.Debug|ARM64.ActiveCfg = Debug|Any CPU
		{8CDDA645-9227-4F85-B6B1-BB8F539BBB8C}.Debug|ARM64.Build.0 = Debug|Any CPU
		{8CDDA645-9227-4F85-B6B1-BB8F539BBB8C}.Debug|x64.ActiveCfg = Debug|Any CPU
		{8CDDA645-9227-4F85-B6B1-BB8F539BBB8C}.Debug|x64.Build.0 = Debug|Any CPU
		{8CDDA645-9227-4F85-B6B1-BB8F539BBB8C}.Debug|x86.ActiveCfg = Debug|Any CPU
		{8CDDA645-9227-4F85-B6B1-BB8F539BBB8C}.Debug|x86.Build.0 = Debug|Any CPU
		{8CDDA645-9227-4F85-B6B1-BB8F539BBB8C}.Release|Any CPU.ActiveCfg = Release|Any CPU
		{8CDDA645-9227-4F85-B6B1-BB8F539BBB8C}.Release|Any CPU.Build.0 = Release|Any CPU
		{8CDDA645-9227-4F85-B6B1-BB8F539BBB8C}.Release|ARM.ActiveCfg = Release|Any CPU
		{8CDDA645-9227-4F85-B6B1-BB8F539BBB8C}.Release|ARM.Build.0 = Release|Any CPU
		{8CDDA645-9227-4F85-B6B1-BB8F539BBB8C}.Release|ARM64.ActiveCfg = Release|Any CPU
		{8CDDA645-9227-4F85-B6B1-BB8F539BBB8C}.Release|ARM64.Build.0 = Release|Any CPU
		{8CDDA645-9227-4F85-B6B1-BB8F539BBB8C}.Release|x64.ActiveCfg = Release|Any CPU
		{8CDDA645-9227-4F85-B6B1-BB8F539BBB8C}.Release|x64.Build.0 = Release|Any CPU
		{8CDDA645-9227-4F85-B6B1-BB8F539BBB8C}.Release|x86.ActiveCfg = Release|Any CPU
		{8CDDA645-9227-4F85-B6B1-BB8F539BBB8C}.Release|x86.Build.0 = Release|Any CPU
		{EC35EF7D-9C19-44E2-9EE7-6AC2B1D3A122}.Debug|Any CPU.ActiveCfg = Debug|Any CPU
		{EC35EF7D-9C19-44E2-9EE7-6AC2B1D3A122}.Debug|Any CPU.Build.0 = Debug|Any CPU
		{EC35EF7D-9C19-44E2-9EE7-6AC2B1D3A122}.Debug|ARM.ActiveCfg = Debug|ARM
		{EC35EF7D-9C19-44E2-9EE7-6AC2B1D3A122}.Debug|ARM.Build.0 = Debug|ARM
		{EC35EF7D-9C19-44E2-9EE7-6AC2B1D3A122}.Debug|ARM64.ActiveCfg = Debug|ARM64
		{EC35EF7D-9C19-44E2-9EE7-6AC2B1D3A122}.Debug|ARM64.Build.0 = Debug|ARM64
		{EC35EF7D-9C19-44E2-9EE7-6AC2B1D3A122}.Debug|x64.ActiveCfg = Debug|x64
		{EC35EF7D-9C19-44E2-9EE7-6AC2B1D3A122}.Debug|x64.Build.0 = Debug|x64
		{EC35EF7D-9C19-44E2-9EE7-6AC2B1D3A122}.Debug|x86.ActiveCfg = Debug|x86
		{EC35EF7D-9C19-44E2-9EE7-6AC2B1D3A122}.Debug|x86.Build.0 = Debug|x86
		{EC35EF7D-9C19-44E2-9EE7-6AC2B1D3A122}.Release|Any CPU.ActiveCfg = Release|Any CPU
		{EC35EF7D-9C19-44E2-9EE7-6AC2B1D3A122}.Release|Any CPU.Build.0 = Release|Any CPU
		{EC35EF7D-9C19-44E2-9EE7-6AC2B1D3A122}.Release|ARM.ActiveCfg = Release|ARM
		{EC35EF7D-9C19-44E2-9EE7-6AC2B1D3A122}.Release|ARM.Build.0 = Release|ARM
		{EC35EF7D-9C19-44E2-9EE7-6AC2B1D3A122}.Release|ARM64.ActiveCfg = Release|ARM64
		{EC35EF7D-9C19-44E2-9EE7-6AC2B1D3A122}.Release|ARM64.Build.0 = Release|ARM64
		{EC35EF7D-9C19-44E2-9EE7-6AC2B1D3A122}.Release|x64.ActiveCfg = Release|x64
		{EC35EF7D-9C19-44E2-9EE7-6AC2B1D3A122}.Release|x64.Build.0 = Release|x64
		{EC35EF7D-9C19-44E2-9EE7-6AC2B1D3A122}.Release|x86.ActiveCfg = Release|x86
		{EC35EF7D-9C19-44E2-9EE7-6AC2B1D3A122}.Release|x86.Build.0 = Release|x86
		{0756865A-260E-41F0-927C-7729452CA2BC}.Debug|Any CPU.ActiveCfg = Debug|Any CPU
		{0756865A-260E-41F0-927C-7729452CA2BC}.Debug|Any CPU.Build.0 = Debug|Any CPU
		{0756865A-260E-41F0-927C-7729452CA2BC}.Debug|ARM.ActiveCfg = Debug|Any CPU
		{0756865A-260E-41F0-927C-7729452CA2BC}.Debug|ARM.Build.0 = Debug|Any CPU
		{0756865A-260E-41F0-927C-7729452CA2BC}.Debug|ARM64.ActiveCfg = Debug|Any CPU
		{0756865A-260E-41F0-927C-7729452CA2BC}.Debug|ARM64.Build.0 = Debug|Any CPU
		{0756865A-260E-41F0-927C-7729452CA2BC}.Debug|x64.ActiveCfg = Debug|Any CPU
		{0756865A-260E-41F0-927C-7729452CA2BC}.Debug|x64.Build.0 = Debug|Any CPU
		{0756865A-260E-41F0-927C-7729452CA2BC}.Debug|x86.ActiveCfg = Debug|Any CPU
		{0756865A-260E-41F0-927C-7729452CA2BC}.Debug|x86.Build.0 = Debug|Any CPU
		{0756865A-260E-41F0-927C-7729452CA2BC}.Release|Any CPU.ActiveCfg = Release|Any CPU
		{0756865A-260E-41F0-927C-7729452CA2BC}.Release|Any CPU.Build.0 = Release|Any CPU
		{0756865A-260E-41F0-927C-7729452CA2BC}.Release|ARM.ActiveCfg = Release|Any CPU
		{0756865A-260E-41F0-927C-7729452CA2BC}.Release|ARM.Build.0 = Release|Any CPU
		{0756865A-260E-41F0-927C-7729452CA2BC}.Release|ARM64.ActiveCfg = Release|Any CPU
		{0756865A-260E-41F0-927C-7729452CA2BC}.Release|ARM64.Build.0 = Release|Any CPU
		{0756865A-260E-41F0-927C-7729452CA2BC}.Release|x64.ActiveCfg = Release|Any CPU
		{0756865A-260E-41F0-927C-7729452CA2BC}.Release|x64.Build.0 = Release|Any CPU
		{0756865A-260E-41F0-927C-7729452CA2BC}.Release|x86.ActiveCfg = Release|Any CPU
		{0756865A-260E-41F0-927C-7729452CA2BC}.Release|x86.Build.0 = Release|Any CPU
		{4A865336-2E5B-41B3-83CE-334906E190BC}.Debug|Any CPU.ActiveCfg = Debug|Any CPU
		{4A865336-2E5B-41B3-83CE-334906E190BC}.Debug|Any CPU.Build.0 = Debug|Any CPU
		{4A865336-2E5B-41B3-83CE-334906E190BC}.Debug|ARM.ActiveCfg = Debug|Any CPU
		{4A865336-2E5B-41B3-83CE-334906E190BC}.Debug|ARM.Build.0 = Debug|Any CPU
		{4A865336-2E5B-41B3-83CE-334906E190BC}.Debug|ARM64.ActiveCfg = Debug|Any CPU
		{4A865336-2E5B-41B3-83CE-334906E190BC}.Debug|ARM64.Build.0 = Debug|Any CPU
		{4A865336-2E5B-41B3-83CE-334906E190BC}.Debug|x64.ActiveCfg = Debug|Any CPU
		{4A865336-2E5B-41B3-83CE-334906E190BC}.Debug|x64.Build.0 = Debug|Any CPU
		{4A865336-2E5B-41B3-83CE-334906E190BC}.Debug|x86.ActiveCfg = Debug|Any CPU
		{4A865336-2E5B-41B3-83CE-334906E190BC}.Debug|x86.Build.0 = Debug|Any CPU
		{4A865336-2E5B-41B3-83CE-334906E190BC}.Release|Any CPU.ActiveCfg = Release|Any CPU
		{4A865336-2E5B-41B3-83CE-334906E190BC}.Release|Any CPU.Build.0 = Release|Any CPU
		{4A865336-2E5B-41B3-83CE-334906E190BC}.Release|ARM.ActiveCfg = Release|Any CPU
		{4A865336-2E5B-41B3-83CE-334906E190BC}.Release|ARM.Build.0 = Release|Any CPU
		{4A865336-2E5B-41B3-83CE-334906E190BC}.Release|ARM64.ActiveCfg = Release|Any CPU
		{4A865336-2E5B-41B3-83CE-334906E190BC}.Release|ARM64.Build.0 = Release|Any CPU
		{4A865336-2E5B-41B3-83CE-334906E190BC}.Release|x64.ActiveCfg = Release|Any CPU
		{4A865336-2E5B-41B3-83CE-334906E190BC}.Release|x64.Build.0 = Release|Any CPU
		{4A865336-2E5B-41B3-83CE-334906E190BC}.Release|x86.ActiveCfg = Release|Any CPU
		{4A865336-2E5B-41B3-83CE-334906E190BC}.Release|x86.Build.0 = Release|Any CPU
		{93A17B8A-BC49-4209-A2B3-32DAFAA22BFB}.Debug|Any CPU.ActiveCfg = Debug|Any CPU
		{93A17B8A-BC49-4209-A2B3-32DAFAA22BFB}.Debug|Any CPU.Build.0 = Debug|Any CPU
		{93A17B8A-BC49-4209-A2B3-32DAFAA22BFB}.Debug|ARM.ActiveCfg = Debug|ARM
		{93A17B8A-BC49-4209-A2B3-32DAFAA22BFB}.Debug|ARM.Build.0 = Debug|ARM
		{93A17B8A-BC49-4209-A2B3-32DAFAA22BFB}.Debug|ARM64.ActiveCfg = Debug|ARM64
		{93A17B8A-BC49-4209-A2B3-32DAFAA22BFB}.Debug|ARM64.Build.0 = Debug|ARM64
		{93A17B8A-BC49-4209-A2B3-32DAFAA22BFB}.Debug|x64.ActiveCfg = Debug|x64
		{93A17B8A-BC49-4209-A2B3-32DAFAA22BFB}.Debug|x64.Build.0 = Debug|x64
		{93A17B8A-BC49-4209-A2B3-32DAFAA22BFB}.Debug|x86.ActiveCfg = Debug|x86
		{93A17B8A-BC49-4209-A2B3-32DAFAA22BFB}.Debug|x86.Build.0 = Debug|x86
		{93A17B8A-BC49-4209-A2B3-32DAFAA22BFB}.Release|Any CPU.ActiveCfg = Release|Any CPU
		{93A17B8A-BC49-4209-A2B3-32DAFAA22BFB}.Release|Any CPU.Build.0 = Release|Any CPU
		{93A17B8A-BC49-4209-A2B3-32DAFAA22BFB}.Release|ARM.ActiveCfg = Release|ARM
		{93A17B8A-BC49-4209-A2B3-32DAFAA22BFB}.Release|ARM.Build.0 = Release|ARM
		{93A17B8A-BC49-4209-A2B3-32DAFAA22BFB}.Release|ARM64.ActiveCfg = Release|ARM64
		{93A17B8A-BC49-4209-A2B3-32DAFAA22BFB}.Release|ARM64.Build.0 = Release|ARM64
		{93A17B8A-BC49-4209-A2B3-32DAFAA22BFB}.Release|x64.ActiveCfg = Release|x64
		{93A17B8A-BC49-4209-A2B3-32DAFAA22BFB}.Release|x64.Build.0 = Release|x64
		{93A17B8A-BC49-4209-A2B3-32DAFAA22BFB}.Release|x86.ActiveCfg = Release|x86
		{93A17B8A-BC49-4209-A2B3-32DAFAA22BFB}.Release|x86.Build.0 = Release|x86
		{F0870371-74D8-4673-9875-E4334BE601C0}.Debug|Any CPU.ActiveCfg = Debug|Any CPU
		{F0870371-74D8-4673-9875-E4334BE601C0}.Debug|Any CPU.Build.0 = Debug|Any CPU
		{F0870371-74D8-4673-9875-E4334BE601C0}.Debug|Any CPU.Deploy.0 = Debug|Any CPU
		{F0870371-74D8-4673-9875-E4334BE601C0}.Debug|ARM.ActiveCfg = Debug|Any CPU
		{F0870371-74D8-4673-9875-E4334BE601C0}.Debug|ARM.Build.0 = Debug|Any CPU
		{F0870371-74D8-4673-9875-E4334BE601C0}.Debug|ARM.Deploy.0 = Debug|Any CPU
		{F0870371-74D8-4673-9875-E4334BE601C0}.Debug|ARM64.ActiveCfg = Debug|Any CPU
		{F0870371-74D8-4673-9875-E4334BE601C0}.Debug|ARM64.Build.0 = Debug|Any CPU
		{F0870371-74D8-4673-9875-E4334BE601C0}.Debug|ARM64.Deploy.0 = Debug|Any CPU
		{F0870371-74D8-4673-9875-E4334BE601C0}.Debug|x64.ActiveCfg = Debug|Any CPU
		{F0870371-74D8-4673-9875-E4334BE601C0}.Debug|x64.Build.0 = Debug|Any CPU
		{F0870371-74D8-4673-9875-E4334BE601C0}.Debug|x64.Deploy.0 = Debug|Any CPU
		{F0870371-74D8-4673-9875-E4334BE601C0}.Debug|x86.ActiveCfg = Debug|Any CPU
		{F0870371-74D8-4673-9875-E4334BE601C0}.Debug|x86.Build.0 = Debug|Any CPU
		{F0870371-74D8-4673-9875-E4334BE601C0}.Debug|x86.Deploy.0 = Debug|Any CPU
		{F0870371-74D8-4673-9875-E4334BE601C0}.Release|Any CPU.ActiveCfg = Release|Any CPU
		{F0870371-74D8-4673-9875-E4334BE601C0}.Release|Any CPU.Build.0 = Release|Any CPU
		{F0870371-74D8-4673-9875-E4334BE601C0}.Release|Any CPU.Deploy.0 = Release|Any CPU
		{F0870371-74D8-4673-9875-E4334BE601C0}.Release|ARM.ActiveCfg = Release|Any CPU
		{F0870371-74D8-4673-9875-E4334BE601C0}.Release|ARM.Build.0 = Release|Any CPU
		{F0870371-74D8-4673-9875-E4334BE601C0}.Release|ARM.Deploy.0 = Release|Any CPU
		{F0870371-74D8-4673-9875-E4334BE601C0}.Release|ARM64.ActiveCfg = Release|Any CPU
		{F0870371-74D8-4673-9875-E4334BE601C0}.Release|ARM64.Build.0 = Release|Any CPU
		{F0870371-74D8-4673-9875-E4334BE601C0}.Release|ARM64.Deploy.0 = Release|Any CPU
		{F0870371-74D8-4673-9875-E4334BE601C0}.Release|x64.ActiveCfg = Release|Any CPU
		{F0870371-74D8-4673-9875-E4334BE601C0}.Release|x64.Build.0 = Release|Any CPU
		{F0870371-74D8-4673-9875-E4334BE601C0}.Release|x64.Deploy.0 = Release|Any CPU
		{F0870371-74D8-4673-9875-E4334BE601C0}.Release|x86.ActiveCfg = Release|Any CPU
		{F0870371-74D8-4673-9875-E4334BE601C0}.Release|x86.Build.0 = Release|Any CPU
		{F0870371-74D8-4673-9875-E4334BE601C0}.Release|x86.Deploy.0 = Release|Any CPU
		{D56689B2-B27C-4E99-8FB1-95BDAD0155FB}.Debug|Any CPU.ActiveCfg = Debug|x86
		{D56689B2-B27C-4E99-8FB1-95BDAD0155FB}.Debug|ARM.ActiveCfg = Debug|ARM
		{D56689B2-B27C-4E99-8FB1-95BDAD0155FB}.Debug|ARM.Build.0 = Debug|ARM
		{D56689B2-B27C-4E99-8FB1-95BDAD0155FB}.Debug|ARM.Deploy.0 = Debug|ARM
		{D56689B2-B27C-4E99-8FB1-95BDAD0155FB}.Debug|ARM64.ActiveCfg = Debug|x86
		{D56689B2-B27C-4E99-8FB1-95BDAD0155FB}.Debug|x64.ActiveCfg = Debug|x64
		{D56689B2-B27C-4E99-8FB1-95BDAD0155FB}.Debug|x64.Build.0 = Debug|x64
		{D56689B2-B27C-4E99-8FB1-95BDAD0155FB}.Debug|x64.Deploy.0 = Debug|x64
		{D56689B2-B27C-4E99-8FB1-95BDAD0155FB}.Debug|x86.ActiveCfg = Debug|x86
		{D56689B2-B27C-4E99-8FB1-95BDAD0155FB}.Debug|x86.Build.0 = Debug|x86
		{D56689B2-B27C-4E99-8FB1-95BDAD0155FB}.Debug|x86.Deploy.0 = Debug|x86
		{D56689B2-B27C-4E99-8FB1-95BDAD0155FB}.Release|Any CPU.ActiveCfg = Release|x86
		{D56689B2-B27C-4E99-8FB1-95BDAD0155FB}.Release|ARM.ActiveCfg = Release|ARM
		{D56689B2-B27C-4E99-8FB1-95BDAD0155FB}.Release|ARM.Build.0 = Release|ARM
		{D56689B2-B27C-4E99-8FB1-95BDAD0155FB}.Release|ARM.Deploy.0 = Release|ARM
		{D56689B2-B27C-4E99-8FB1-95BDAD0155FB}.Release|ARM64.ActiveCfg = Release|x86
		{D56689B2-B27C-4E99-8FB1-95BDAD0155FB}.Release|x64.ActiveCfg = Release|x64
		{D56689B2-B27C-4E99-8FB1-95BDAD0155FB}.Release|x64.Build.0 = Release|x64
		{D56689B2-B27C-4E99-8FB1-95BDAD0155FB}.Release|x64.Deploy.0 = Release|x64
		{D56689B2-B27C-4E99-8FB1-95BDAD0155FB}.Release|x86.ActiveCfg = Release|x86
		{D56689B2-B27C-4E99-8FB1-95BDAD0155FB}.Release|x86.Build.0 = Release|x86
		{D56689B2-B27C-4E99-8FB1-95BDAD0155FB}.Release|x86.Deploy.0 = Release|x86
		{1D42FFDE-AC37-4E05-80BF-7D198EABF103}.Debug|Any CPU.ActiveCfg = Debug|Any CPU
		{1D42FFDE-AC37-4E05-80BF-7D198EABF103}.Debug|Any CPU.Build.0 = Debug|Any CPU
		{1D42FFDE-AC37-4E05-80BF-7D198EABF103}.Debug|ARM.ActiveCfg = Debug|Any CPU
		{1D42FFDE-AC37-4E05-80BF-7D198EABF103}.Debug|ARM.Build.0 = Debug|Any CPU
		{1D42FFDE-AC37-4E05-80BF-7D198EABF103}.Debug|ARM64.ActiveCfg = Debug|Any CPU
		{1D42FFDE-AC37-4E05-80BF-7D198EABF103}.Debug|ARM64.Build.0 = Debug|Any CPU
		{1D42FFDE-AC37-4E05-80BF-7D198EABF103}.Debug|x64.ActiveCfg = Debug|Any CPU
		{1D42FFDE-AC37-4E05-80BF-7D198EABF103}.Debug|x64.Build.0 = Debug|Any CPU
		{1D42FFDE-AC37-4E05-80BF-7D198EABF103}.Debug|x86.ActiveCfg = Debug|Any CPU
		{1D42FFDE-AC37-4E05-80BF-7D198EABF103}.Debug|x86.Build.0 = Debug|Any CPU
		{1D42FFDE-AC37-4E05-80BF-7D198EABF103}.Release|Any CPU.ActiveCfg = Release|Any CPU
		{1D42FFDE-AC37-4E05-80BF-7D198EABF103}.Release|Any CPU.Build.0 = Release|Any CPU
		{1D42FFDE-AC37-4E05-80BF-7D198EABF103}.Release|ARM.ActiveCfg = Release|Any CPU
		{1D42FFDE-AC37-4E05-80BF-7D198EABF103}.Release|ARM.Build.0 = Release|Any CPU
		{1D42FFDE-AC37-4E05-80BF-7D198EABF103}.Release|ARM64.ActiveCfg = Release|Any CPU
		{1D42FFDE-AC37-4E05-80BF-7D198EABF103}.Release|ARM64.Build.0 = Release|Any CPU
		{1D42FFDE-AC37-4E05-80BF-7D198EABF103}.Release|x64.ActiveCfg = Release|Any CPU
		{1D42FFDE-AC37-4E05-80BF-7D198EABF103}.Release|x64.Build.0 = Release|Any CPU
		{1D42FFDE-AC37-4E05-80BF-7D198EABF103}.Release|x86.ActiveCfg = Release|Any CPU
		{1D42FFDE-AC37-4E05-80BF-7D198EABF103}.Release|x86.Build.0 = Release|Any CPU
		{ADC1F583-89A9-4F77-A789-60A6D34E44E5}.Debug|Any CPU.ActiveCfg = Debug|Any CPU
		{ADC1F583-89A9-4F77-A789-60A6D34E44E5}.Debug|Any CPU.Build.0 = Debug|Any CPU
		{ADC1F583-89A9-4F77-A789-60A6D34E44E5}.Debug|ARM.ActiveCfg = Debug|Any CPU
		{ADC1F583-89A9-4F77-A789-60A6D34E44E5}.Debug|ARM.Build.0 = Debug|Any CPU
		{ADC1F583-89A9-4F77-A789-60A6D34E44E5}.Debug|ARM64.ActiveCfg = Debug|Any CPU
		{ADC1F583-89A9-4F77-A789-60A6D34E44E5}.Debug|ARM64.Build.0 = Debug|Any CPU
		{ADC1F583-89A9-4F77-A789-60A6D34E44E5}.Debug|x64.ActiveCfg = Debug|Any CPU
		{ADC1F583-89A9-4F77-A789-60A6D34E44E5}.Debug|x64.Build.0 = Debug|Any CPU
		{ADC1F583-89A9-4F77-A789-60A6D34E44E5}.Debug|x86.ActiveCfg = Debug|Any CPU
		{ADC1F583-89A9-4F77-A789-60A6D34E44E5}.Debug|x86.Build.0 = Debug|Any CPU
		{ADC1F583-89A9-4F77-A789-60A6D34E44E5}.Release|Any CPU.ActiveCfg = Release|Any CPU
		{ADC1F583-89A9-4F77-A789-60A6D34E44E5}.Release|Any CPU.Build.0 = Release|Any CPU
		{ADC1F583-89A9-4F77-A789-60A6D34E44E5}.Release|ARM.ActiveCfg = Release|Any CPU
		{ADC1F583-89A9-4F77-A789-60A6D34E44E5}.Release|ARM.Build.0 = Release|Any CPU
		{ADC1F583-89A9-4F77-A789-60A6D34E44E5}.Release|ARM64.ActiveCfg = Release|Any CPU
		{ADC1F583-89A9-4F77-A789-60A6D34E44E5}.Release|ARM64.Build.0 = Release|Any CPU
		{ADC1F583-89A9-4F77-A789-60A6D34E44E5}.Release|x64.ActiveCfg = Release|Any CPU
		{ADC1F583-89A9-4F77-A789-60A6D34E44E5}.Release|x64.Build.0 = Release|Any CPU
		{ADC1F583-89A9-4F77-A789-60A6D34E44E5}.Release|x86.ActiveCfg = Release|Any CPU
		{ADC1F583-89A9-4F77-A789-60A6D34E44E5}.Release|x86.Build.0 = Release|Any CPU
		{CCD40673-2C7C-422E-8CB0-3BF27D3577F3}.Debug|Any CPU.ActiveCfg = Debug|Any CPU
		{CCD40673-2C7C-422E-8CB0-3BF27D3577F3}.Debug|Any CPU.Build.0 = Debug|Any CPU
		{CCD40673-2C7C-422E-8CB0-3BF27D3577F3}.Debug|ARM.ActiveCfg = Debug|ARM
		{CCD40673-2C7C-422E-8CB0-3BF27D3577F3}.Debug|ARM.Build.0 = Debug|ARM
		{CCD40673-2C7C-422E-8CB0-3BF27D3577F3}.Debug|ARM64.ActiveCfg = Debug|ARM64
		{CCD40673-2C7C-422E-8CB0-3BF27D3577F3}.Debug|ARM64.Build.0 = Debug|ARM64
		{CCD40673-2C7C-422E-8CB0-3BF27D3577F3}.Debug|x64.ActiveCfg = Debug|x64
		{CCD40673-2C7C-422E-8CB0-3BF27D3577F3}.Debug|x64.Build.0 = Debug|x64
		{CCD40673-2C7C-422E-8CB0-3BF27D3577F3}.Debug|x86.ActiveCfg = Debug|x86
		{CCD40673-2C7C-422E-8CB0-3BF27D3577F3}.Debug|x86.Build.0 = Debug|x86
		{CCD40673-2C7C-422E-8CB0-3BF27D3577F3}.Release|Any CPU.ActiveCfg = Release|Any CPU
		{CCD40673-2C7C-422E-8CB0-3BF27D3577F3}.Release|Any CPU.Build.0 = Release|Any CPU
		{CCD40673-2C7C-422E-8CB0-3BF27D3577F3}.Release|ARM.ActiveCfg = Release|ARM
		{CCD40673-2C7C-422E-8CB0-3BF27D3577F3}.Release|ARM.Build.0 = Release|ARM
		{CCD40673-2C7C-422E-8CB0-3BF27D3577F3}.Release|ARM64.ActiveCfg = Release|ARM64
		{CCD40673-2C7C-422E-8CB0-3BF27D3577F3}.Release|ARM64.Build.0 = Release|ARM64
		{CCD40673-2C7C-422E-8CB0-3BF27D3577F3}.Release|x64.ActiveCfg = Release|x64
		{CCD40673-2C7C-422E-8CB0-3BF27D3577F3}.Release|x64.Build.0 = Release|x64
		{CCD40673-2C7C-422E-8CB0-3BF27D3577F3}.Release|x86.ActiveCfg = Release|x86
		{CCD40673-2C7C-422E-8CB0-3BF27D3577F3}.Release|x86.Build.0 = Release|x86
		{BE0B6618-B962-4D13-87B1-E67D5B2CE504}.Debug|Any CPU.ActiveCfg = Debug|Any CPU
		{BE0B6618-B962-4D13-87B1-E67D5B2CE504}.Debug|Any CPU.Build.0 = Debug|Any CPU
		{BE0B6618-B962-4D13-87B1-E67D5B2CE504}.Debug|ARM.ActiveCfg = Debug|Any CPU
		{BE0B6618-B962-4D13-87B1-E67D5B2CE504}.Debug|ARM.Build.0 = Debug|Any CPU
		{BE0B6618-B962-4D13-87B1-E67D5B2CE504}.Debug|ARM64.ActiveCfg = Debug|Any CPU
		{BE0B6618-B962-4D13-87B1-E67D5B2CE504}.Debug|ARM64.Build.0 = Debug|Any CPU
		{BE0B6618-B962-4D13-87B1-E67D5B2CE504}.Debug|x64.ActiveCfg = Debug|Any CPU
		{BE0B6618-B962-4D13-87B1-E67D5B2CE504}.Debug|x64.Build.0 = Debug|Any CPU
		{BE0B6618-B962-4D13-87B1-E67D5B2CE504}.Debug|x86.ActiveCfg = Debug|Any CPU
		{BE0B6618-B962-4D13-87B1-E67D5B2CE504}.Debug|x86.Build.0 = Debug|Any CPU
		{BE0B6618-B962-4D13-87B1-E67D5B2CE504}.Release|Any CPU.ActiveCfg = Release|Any CPU
		{BE0B6618-B962-4D13-87B1-E67D5B2CE504}.Release|Any CPU.Build.0 = Release|Any CPU
		{BE0B6618-B962-4D13-87B1-E67D5B2CE504}.Release|ARM.ActiveCfg = Release|Any CPU
		{BE0B6618-B962-4D13-87B1-E67D5B2CE504}.Release|ARM.Build.0 = Release|Any CPU
		{BE0B6618-B962-4D13-87B1-E67D5B2CE504}.Release|ARM64.ActiveCfg = Release|Any CPU
		{BE0B6618-B962-4D13-87B1-E67D5B2CE504}.Release|ARM64.Build.0 = Release|Any CPU
		{BE0B6618-B962-4D13-87B1-E67D5B2CE504}.Release|x64.ActiveCfg = Release|Any CPU
		{BE0B6618-B962-4D13-87B1-E67D5B2CE504}.Release|x64.Build.0 = Release|Any CPU
		{BE0B6618-B962-4D13-87B1-E67D5B2CE504}.Release|x86.ActiveCfg = Release|Any CPU
		{BE0B6618-B962-4D13-87B1-E67D5B2CE504}.Release|x86.Build.0 = Release|Any CPU
	EndGlobalSection
	GlobalSection(SolutionProperties) = preSolution
		HideSolutionNode = FALSE
	EndGlobalSection
	GlobalSection(NestedProjects) = preSolution
		{60E5636A-6529-49ED-AA46-20064F8B8FCF} = {7849F8AD-C750-459E-B01F-C6830A16D4D3}
		{7849F8AD-C750-459E-B01F-C6830A16D4D3} = {451223FE-9B70-436E-B5BF-D35274F721BB}
		{D51FAA9C-B073-43AA-B009-F3E0BD7C7020} = {7849F8AD-C750-459E-B01F-C6830A16D4D3}
		{20EB266E-C431-40C8-9578-B5CF9766B99E} = {451223FE-9B70-436E-B5BF-D35274F721BB}
		{EC59272C-970C-4115-9209-E519CAAFE754} = {451223FE-9B70-436E-B5BF-D35274F721BB}
		{6CB17CEB-FEA2-45FC-B337-70E1F82ED5DB} = {7849F8AD-C750-459E-B01F-C6830A16D4D3}
		{4A5FC34D-C802-4B1D-A5EF-B61E4D5A6519} = {EC59272C-970C-4115-9209-E519CAAFE754}
		{4F55AB31-1797-4BBD-8903-A6B5F7536972} = {EC59272C-970C-4115-9209-E519CAAFE754}
		{8CDDA645-9227-4F85-B6B1-BB8F539BBB8C} = {D51FAA9C-B073-43AA-B009-F3E0BD7C7020}
		{EC35EF7D-9C19-44E2-9EE7-6AC2B1D3A122} = {D51FAA9C-B073-43AA-B009-F3E0BD7C7020}
		{0756865A-260E-41F0-927C-7729452CA2BC} = {D51FAA9C-B073-43AA-B009-F3E0BD7C7020}
		{4A865336-2E5B-41B3-83CE-334906E190BC} = {6CB17CEB-FEA2-45FC-B337-70E1F82ED5DB}
		{93A17B8A-BC49-4209-A2B3-32DAFAA22BFB} = {6CB17CEB-FEA2-45FC-B337-70E1F82ED5DB}
		{F0870371-74D8-4673-9875-E4334BE601C0} = {20EB266E-C431-40C8-9578-B5CF9766B99E}
		{D56689B2-B27C-4E99-8FB1-95BDAD0155FB} = {20EB266E-C431-40C8-9578-B5CF9766B99E}
		{1D42FFDE-AC37-4E05-80BF-7D198EABF103} = {60E5636A-6529-49ED-AA46-20064F8B8FCF}
		{ADC1F583-89A9-4F77-A789-60A6D34E44E5} = {60E5636A-6529-49ED-AA46-20064F8B8FCF}
		{CCD40673-2C7C-422E-8CB0-3BF27D3577F3} = {60E5636A-6529-49ED-AA46-20064F8B8FCF}
		{BE0B6618-B962-4D13-87B1-E67D5B2CE504} = {60E5636A-6529-49ED-AA46-20064F8B8FCF}
	EndGlobalSection
	GlobalSection(ExtensibilityGlobals) = postSolution
		SolutionGuid = {F29EEC5A-90E4-457A-A69C-54A76F2365EA}
	EndGlobalSection
EndGlobal
