
Microsoft Visual Studio Solution File, Format Version 12.00
# Visual Studio Version 16
VisualStudioVersion = 16.0.29709.97
MinimumVisualStudioVersion = 10.0.40219.1
Project("{FAE04EC0-301F-11D3-BF4B-00C04F79EFBC}") = "App4.UWP", "App4\App4.UWP\App4.UWP.csproj", "{D56689B2-B27C-4E99-8FB1-95BDAD0155FB}"
EndProject
Project("{FAE04EC0-301F-11D3-BF4B-00C04F79EFBC}") = "App4.Android", "App4\App4.Android\App4.Android.csproj", "{F0870371-74D8-4673-9875-E4334BE601C0}"
EndProject
Project("{9A19103F-16F7-4668-BE54-9A1E7A4F7556}") = "App4", "App4\App4\App4.csproj", "{9E90BDCB-1983-4776-BC87-43A40D0CF73C}"
EndProject
Project("{2150E333-8FDC-42A3-9474-1A3956D46DE8}") = "MyName", "MyName", "{60E5636A-6529-49ED-AA46-20064F8B8FCF}"
EndProject
Project("{9A19103F-16F7-4668-BE54-9A1E7A4F7556}") = "Feature.MyName", "MyName\Feature.MyName\Feature.MyName.csproj", "{3F94B654-C7C8-4418-A160-0CC7DDBB14B6}"
EndProject
Project("{9A19103F-16F7-4668-BE54-9A1E7A4F7556}") = "Feature.MyName.Xamarin", "MyName\Feature.MyName.Xamarin\Feature.MyName.Xamarin.csproj", "{F712ED05-5E99-481F-A986-C2CD01BDD91D}"
EndProject
Project("{FAE04EC0-301F-11D3-BF4B-00C04F79EFBC}") = "Feature.MyName.UWP", "MyName\Feature.MyName.UWP\Feature.MyName.UWP.csproj", "{CCD40673-2C7C-422E-8CB0-3BF27D3577F3}"
EndProject
Project("{9A19103F-16F7-4668-BE54-9A1E7A4F7556}") = "Feature.MyName.Tests", "MyName\Feature.MyName.Tests\Feature.MyName.Tests.csproj", "{1CEADE24-7C33-43E2-AB67-910F0959E1B9}"
EndProject
Project("{2150E333-8FDC-42A3-9474-1A3956D46DE8}") = "Features", "Features", "{7849F8AD-C750-459E-B01F-C6830A16D4D3}"
EndProject
Project("{2150E333-8FDC-42A3-9474-1A3956D46DE8}") = "PreviousNames", "PreviousNames", "{D51FAA9C-B073-43AA-B009-F3E0BD7C7020}"
EndProject
Project("{FAE04EC0-301F-11D3-BF4B-00C04F79EFBC}") = "App.Shared", "App.Shared\App.Shared.csproj", "{C7FF8E9A-89E8-44FD-87AB-A4BD1B28828E}"
EndProject
Project("{2150E333-8FDC-42A3-9474-1A3956D46DE8}") = "Apps", "Apps", "{20EB266E-C431-40C8-9578-B5CF9766B99E}"
EndProject
Project("{2150E333-8FDC-42A3-9474-1A3956D46DE8}") = "ITOps", "ITOps", "{EC59272C-970C-4115-9209-E519CAAFE754}"
EndProject
Project("{FAE04EC0-301F-11D3-BF4B-00C04F79EFBC}") = "Features.ListOfNames", "Features.ListOfNames\Features.ListOfNames.csproj", "{CFF9AF76-39C9-431A-96C6-CB665761913F}"
EndProject
Project("{FAE04EC0-301F-11D3-BF4B-00C04F79EFBC}") = "Features.ListOfNames.UWP", "Features.ListOfNames.UWP\Features.ListOfNames.UWP.csproj", "{EC35EF7D-9C19-44E2-9EE7-6AC2B1D3A122}"
EndProject
Project("{FAE04EC0-301F-11D3-BF4B-00C04F79EFBC}") = "Features.ListOfNames.Xamarin", "Features.ListOfNames.Xamarin\Features.ListOfNames.Xamarin.csproj", "{EEAAC493-B14F-4838-9201-4238A62AC3DB}"
EndProject
Project("{2150E333-8FDC-42A3-9474-1A3956D46DE8}") = "CountOfNames", "CountOfNames", "{6CB17CEB-FEA2-45FC-B337-70E1F82ED5DB}"
EndProject
Project("{FAE04EC0-301F-11D3-BF4B-00C04F79EFBC}") = "Features.CountOfNames", "Features.CountOfNames\Features.CountOfNames.csproj", "{465B2110-DFB5-49E2-B17B-DA330581A473}"
EndProject
Project("{FAE04EC0-301F-11D3-BF4B-00C04F79EFBC}") = "Features.CountOfNames.UWP", "Features.CountOfNames.UWP\Features.CountOfNames.UWP.csproj", "{93A17B8A-BC49-4209-A2B3-32DAFAA22BFB}"
EndProject
Global
	GlobalSection(SolutionConfigurationPlatforms) = preSolution
		Debug|Any CPU = Debug|Any CPU
		Debug|ARM = Debug|ARM
		Debug|ARM64 = Debug|ARM64
		Debug|x64 = Debug|x64
		Debug|x86 = Debug|x86
		Release|Any CPU = Release|Any CPU
		Release|ARM = Release|ARM
		Release|ARM64 = Release|ARM64
		Release|x64 = Release|x64
		Release|x86 = Release|x86
	EndGlobalSection
	GlobalSection(ProjectConfigurationPlatforms) = postSolution
		{D56689B2-B27C-4E99-8FB1-95BDAD0155FB}.Debug|Any CPU.ActiveCfg = Debug|x86
		{D56689B2-B27C-4E99-8FB1-95BDAD0155FB}.Debug|Any CPU.Build.0 = Debug|x86
		{D56689B2-B27C-4E99-8FB1-95BDAD0155FB}.Debug|Any CPU.Deploy.0 = Debug|x86
		{D56689B2-B27C-4E99-8FB1-95BDAD0155FB}.Debug|ARM.ActiveCfg = Debug|ARM
		{D56689B2-B27C-4E99-8FB1-95BDAD0155FB}.Debug|ARM.Build.0 = Debug|ARM
		{D56689B2-B27C-4E99-8FB1-95BDAD0155FB}.Debug|ARM.Deploy.0 = Debug|ARM
		{D56689B2-B27C-4E99-8FB1-95BDAD0155FB}.Debug|ARM64.ActiveCfg = Debug|x86
		{D56689B2-B27C-4E99-8FB1-95BDAD0155FB}.Debug|x64.ActiveCfg = Debug|x64
		{D56689B2-B27C-4E99-8FB1-95BDAD0155FB}.Debug|x64.Build.0 = Debug|x64
		{D56689B2-B27C-4E99-8FB1-95BDAD0155FB}.Debug|x64.Deploy.0 = Debug|x64
		{D56689B2-B27C-4E99-8FB1-95BDAD0155FB}.Debug|x86.ActiveCfg = Debug|x86
		{D56689B2-B27C-4E99-8FB1-95BDAD0155FB}.Debug|x86.Build.0 = Debug|x86
		{D56689B2-B27C-4E99-8FB1-95BDAD0155FB}.Debug|x86.Deploy.0 = Debug|x86
		{D56689B2-B27C-4E99-8FB1-95BDAD0155FB}.Release|Any CPU.ActiveCfg = Release|x86
		{D56689B2-B27C-4E99-8FB1-95BDAD0155FB}.Release|Any CPU.Build.0 = Release|x86
		{D56689B2-B27C-4E99-8FB1-95BDAD0155FB}.Release|Any CPU.Deploy.0 = Release|x86
		{D56689B2-B27C-4E99-8FB1-95BDAD0155FB}.Release|ARM.ActiveCfg = Release|ARM
		{D56689B2-B27C-4E99-8FB1-95BDAD0155FB}.Release|ARM.Build.0 = Release|ARM
		{D56689B2-B27C-4E99-8FB1-95BDAD0155FB}.Release|ARM.Deploy.0 = Release|ARM
		{D56689B2-B27C-4E99-8FB1-95BDAD0155FB}.Release|ARM64.ActiveCfg = Release|x86
		{D56689B2-B27C-4E99-8FB1-95BDAD0155FB}.Release|x64.ActiveCfg = Release|x64
		{D56689B2-B27C-4E99-8FB1-95BDAD0155FB}.Release|x64.Build.0 = Release|x64
		{D56689B2-B27C-4E99-8FB1-95BDAD0155FB}.Release|x64.Deploy.0 = Release|x64
		{D56689B2-B27C-4E99-8FB1-95BDAD0155FB}.Release|x86.ActiveCfg = Release|x86
		{D56689B2-B27C-4E99-8FB1-95BDAD0155FB}.Release|x86.Build.0 = Release|x86
		{D56689B2-B27C-4E99-8FB1-95BDAD0155FB}.Release|x86.Deploy.0 = Release|x86
		{F0870371-74D8-4673-9875-E4334BE601C0}.Debug|Any CPU.ActiveCfg = Debug|Any CPU
		{F0870371-74D8-4673-9875-E4334BE601C0}.Debug|Any CPU.Build.0 = Debug|Any CPU
		{F0870371-74D8-4673-9875-E4334BE601C0}.Debug|Any CPU.Deploy.0 = Debug|Any CPU
		{F0870371-74D8-4673-9875-E4334BE601C0}.Debug|ARM.ActiveCfg = Debug|Any CPU
		{F0870371-74D8-4673-9875-E4334BE601C0}.Debug|ARM.Build.0 = Debug|Any CPU
		{F0870371-74D8-4673-9875-E4334BE601C0}.Debug|ARM.Deploy.0 = Debug|Any CPU
		{F0870371-74D8-4673-9875-E4334BE601C0}.Debug|ARM64.ActiveCfg = Debug|Any CPU
		{F0870371-74D8-4673-9875-E4334BE601C0}.Debug|ARM64.Build.0 = Debug|Any CPU
		{F0870371-74D8-4673-9875-E4334BE601C0}.Debug|ARM64.Deploy.0 = Debug|Any CPU
		{F0870371-74D8-4673-9875-E4334BE601C0}.Debug|x64.ActiveCfg = Debug|Any CPU
		{F0870371-74D8-4673-9875-E4334BE601C0}.Debug|x64.Build.0 = Debug|Any CPU
		{F0870371-74D8-4673-9875-E4334BE601C0}.Debug|x64.Deploy.0 = Debug|Any CPU
		{F0870371-74D8-4673-9875-E4334BE601C0}.Debug|x86.ActiveCfg = Debug|Any CPU
		{F0870371-74D8-4673-9875-E4334BE601C0}.Debug|x86.Build.0 = Debug|Any CPU
		{F0870371-74D8-4673-9875-E4334BE601C0}.Debug|x86.Deploy.0 = Debug|Any CPU
		{F0870371-74D8-4673-9875-E4334BE601C0}.Release|Any CPU.ActiveCfg = Release|Any CPU
		{F0870371-74D8-4673-9875-E4334BE601C0}.Release|Any CPU.Build.0 = Release|Any CPU
		{F0870371-74D8-4673-9875-E4334BE601C0}.Release|Any CPU.Deploy.0 = Release|Any CPU
		{F0870371-74D8-4673-9875-E4334BE601C0}.Release|ARM.ActiveCfg = Release|Any CPU
		{F0870371-74D8-4673-9875-E4334BE601C0}.Release|ARM.Build.0 = Release|Any CPU
		{F0870371-74D8-4673-9875-E4334BE601C0}.Release|ARM.Deploy.0 = Release|Any CPU
		{F0870371-74D8-4673-9875-E4334BE601C0}.Release|ARM64.ActiveCfg = Release|Any CPU
		{F0870371-74D8-4673-9875-E4334BE601C0}.Release|ARM64.Build.0 = Release|Any CPU
		{F0870371-74D8-4673-9875-E4334BE601C0}.Release|ARM64.Deploy.0 = Release|Any CPU
		{F0870371-74D8-4673-9875-E4334BE601C0}.Release|x64.ActiveCfg = Release|Any CPU
		{F0870371-74D8-4673-9875-E4334BE601C0}.Release|x64.Build.0 = Release|Any CPU
		{F0870371-74D8-4673-9875-E4334BE601C0}.Release|x64.Deploy.0 = Release|Any CPU
		{F0870371-74D8-4673-9875-E4334BE601C0}.Release|x86.ActiveCfg = Release|Any CPU
		{F0870371-74D8-4673-9875-E4334BE601C0}.Release|x86.Build.0 = Release|Any CPU
		{F0870371-74D8-4673-9875-E4334BE601C0}.Release|x86.Deploy.0 = Release|Any CPU
		{9E90BDCB-1983-4776-BC87-43A40D0CF73C}.Debug|Any CPU.ActiveCfg = Debug|Any CPU
		{9E90BDCB-1983-4776-BC87-43A40D0CF73C}.Debug|Any CPU.Build.0 = Debug|Any CPU
		{9E90BDCB-1983-4776-BC87-43A40D0CF73C}.Debug|Any CPU.Deploy.0 = Debug|Any CPU
		{9E90BDCB-1983-4776-BC87-43A40D0CF73C}.Debug|ARM.ActiveCfg = Debug|Any CPU
		{9E90BDCB-1983-4776-BC87-43A40D0CF73C}.Debug|ARM.Build.0 = Debug|Any CPU
		{9E90BDCB-1983-4776-BC87-43A40D0CF73C}.Debug|ARM.Deploy.0 = Debug|Any CPU
		{9E90BDCB-1983-4776-BC87-43A40D0CF73C}.Debug|ARM64.ActiveCfg = Debug|Any CPU
		{9E90BDCB-1983-4776-BC87-43A40D0CF73C}.Debug|ARM64.Build.0 = Debug|Any CPU
		{9E90BDCB-1983-4776-BC87-43A40D0CF73C}.Debug|x64.ActiveCfg = Debug|Any CPU
		{9E90BDCB-1983-4776-BC87-43A40D0CF73C}.Debug|x64.Build.0 = Debug|Any CPU
		{9E90BDCB-1983-4776-BC87-43A40D0CF73C}.Debug|x64.Deploy.0 = Debug|Any CPU
		{9E90BDCB-1983-4776-BC87-43A40D0CF73C}.Debug|x86.ActiveCfg = Debug|Any CPU
		{9E90BDCB-1983-4776-BC87-43A40D0CF73C}.Debug|x86.Build.0 = Debug|Any CPU
		{9E90BDCB-1983-4776-BC87-43A40D0CF73C}.Debug|x86.Deploy.0 = Debug|Any CPU
		{9E90BDCB-1983-4776-BC87-43A40D0CF73C}.Release|Any CPU.ActiveCfg = Release|Any CPU
		{9E90BDCB-1983-4776-BC87-43A40D0CF73C}.Release|Any CPU.Build.0 = Release|Any CPU
		{9E90BDCB-1983-4776-BC87-43A40D0CF73C}.Release|Any CPU.Deploy.0 = Release|Any CPU
		{9E90BDCB-1983-4776-BC87-43A40D0CF73C}.Release|ARM.ActiveCfg = Release|Any CPU
		{9E90BDCB-1983-4776-BC87-43A40D0CF73C}.Release|ARM.Build.0 = Release|Any CPU
		{9E90BDCB-1983-4776-BC87-43A40D0CF73C}.Release|ARM.Deploy.0 = Release|Any CPU
		{9E90BDCB-1983-4776-BC87-43A40D0CF73C}.Release|ARM64.ActiveCfg = Release|Any CPU
		{9E90BDCB-1983-4776-BC87-43A40D0CF73C}.Release|ARM64.Build.0 = Release|Any CPU
		{9E90BDCB-1983-4776-BC87-43A40D0CF73C}.Release|x64.ActiveCfg = Release|Any CPU
		{9E90BDCB-1983-4776-BC87-43A40D0CF73C}.Release|x64.Build.0 = Release|Any CPU
		{9E90BDCB-1983-4776-BC87-43A40D0CF73C}.Release|x64.Deploy.0 = Release|Any CPU
		{9E90BDCB-1983-4776-BC87-43A40D0CF73C}.Release|x86.ActiveCfg = Release|Any CPU
		{9E90BDCB-1983-4776-BC87-43A40D0CF73C}.Release|x86.Build.0 = Release|Any CPU
		{9E90BDCB-1983-4776-BC87-43A40D0CF73C}.Release|x86.Deploy.0 = Release|Any CPU
		{3F94B654-C7C8-4418-A160-0CC7DDBB14B6}.Debug|Any CPU.ActiveCfg = Debug|Any CPU
		{3F94B654-C7C8-4418-A160-0CC7DDBB14B6}.Debug|Any CPU.Build.0 = Debug|Any CPU
		{3F94B654-C7C8-4418-A160-0CC7DDBB14B6}.Debug|ARM.ActiveCfg = Debug|Any CPU
		{3F94B654-C7C8-4418-A160-0CC7DDBB14B6}.Debug|ARM.Build.0 = Debug|Any CPU
		{3F94B654-C7C8-4418-A160-0CC7DDBB14B6}.Debug|ARM64.ActiveCfg = Debug|Any CPU
		{3F94B654-C7C8-4418-A160-0CC7DDBB14B6}.Debug|ARM64.Build.0 = Debug|Any CPU
		{3F94B654-C7C8-4418-A160-0CC7DDBB14B6}.Debug|x64.ActiveCfg = Debug|Any CPU
		{3F94B654-C7C8-4418-A160-0CC7DDBB14B6}.Debug|x64.Build.0 = Debug|Any CPU
		{3F94B654-C7C8-4418-A160-0CC7DDBB14B6}.Debug|x86.ActiveCfg = Debug|Any CPU
		{3F94B654-C7C8-4418-A160-0CC7DDBB14B6}.Debug|x86.Build.0 = Debug|Any CPU
		{3F94B654-C7C8-4418-A160-0CC7DDBB14B6}.Release|Any CPU.ActiveCfg = Release|Any CPU
		{3F94B654-C7C8-4418-A160-0CC7DDBB14B6}.Release|Any CPU.Build.0 = Release|Any CPU
		{3F94B654-C7C8-4418-A160-0CC7DDBB14B6}.Release|ARM.ActiveCfg = Release|Any CPU
		{3F94B654-C7C8-4418-A160-0CC7DDBB14B6}.Release|ARM.Build.0 = Release|Any CPU
		{3F94B654-C7C8-4418-A160-0CC7DDBB14B6}.Release|ARM64.ActiveCfg = Release|Any CPU
		{3F94B654-C7C8-4418-A160-0CC7DDBB14B6}.Release|ARM64.Build.0 = Release|Any CPU
		{3F94B654-C7C8-4418-A160-0CC7DDBB14B6}.Release|x64.ActiveCfg = Release|Any CPU
		{3F94B654-C7C8-4418-A160-0CC7DDBB14B6}.Release|x64.Build.0 = Release|Any CPU
		{3F94B654-C7C8-4418-A160-0CC7DDBB14B6}.Release|x86.ActiveCfg = Release|Any CPU
		{3F94B654-C7C8-4418-A160-0CC7DDBB14B6}.Release|x86.Build.0 = Release|Any CPU
		{F712ED05-5E99-481F-A986-C2CD01BDD91D}.Debug|Any CPU.ActiveCfg = Debug|Any CPU
		{F712ED05-5E99-481F-A986-C2CD01BDD91D}.Debug|Any CPU.Build.0 = Debug|Any CPU
		{F712ED05-5E99-481F-A986-C2CD01BDD91D}.Debug|ARM.ActiveCfg = Debug|Any CPU
		{F712ED05-5E99-481F-A986-C2CD01BDD91D}.Debug|ARM.Build.0 = Debug|Any CPU
		{F712ED05-5E99-481F-A986-C2CD01BDD91D}.Debug|ARM64.ActiveCfg = Debug|Any CPU
		{F712ED05-5E99-481F-A986-C2CD01BDD91D}.Debug|ARM64.Build.0 = Debug|Any CPU
		{F712ED05-5E99-481F-A986-C2CD01BDD91D}.Debug|x64.ActiveCfg = Debug|Any CPU
		{F712ED05-5E99-481F-A986-C2CD01BDD91D}.Debug|x64.Build.0 = Debug|Any CPU
		{F712ED05-5E99-481F-A986-C2CD01BDD91D}.Debug|x86.ActiveCfg = Debug|Any CPU
		{F712ED05-5E99-481F-A986-C2CD01BDD91D}.Debug|x86.Build.0 = Debug|Any CPU
		{F712ED05-5E99-481F-A986-C2CD01BDD91D}.Release|Any CPU.ActiveCfg = Release|Any CPU
		{F712ED05-5E99-481F-A986-C2CD01BDD91D}.Release|Any CPU.Build.0 = Release|Any CPU
		{F712ED05-5E99-481F-A986-C2CD01BDD91D}.Release|ARM.ActiveCfg = Release|Any CPU
		{F712ED05-5E99-481F-A986-C2CD01BDD91D}.Release|ARM.Build.0 = Release|Any CPU
		{F712ED05-5E99-481F-A986-C2CD01BDD91D}.Release|ARM64.ActiveCfg = Release|Any CPU
		{F712ED05-5E99-481F-A986-C2CD01BDD91D}.Release|ARM64.Build.0 = Release|Any CPU
		{F712ED05-5E99-481F-A986-C2CD01BDD91D}.Release|x64.ActiveCfg = Release|Any CPU
		{F712ED05-5E99-481F-A986-C2CD01BDD91D}.Release|x64.Build.0 = Release|Any CPU
		{F712ED05-5E99-481F-A986-C2CD01BDD91D}.Release|x86.ActiveCfg = Release|Any CPU
		{F712ED05-5E99-481F-A986-C2CD01BDD91D}.Release|x86.Build.0 = Release|Any CPU
		{CCD40673-2C7C-422E-8CB0-3BF27D3577F3}.Debug|Any CPU.ActiveCfg = Debug|Any CPU
		{CCD40673-2C7C-422E-8CB0-3BF27D3577F3}.Debug|Any CPU.Build.0 = Debug|Any CPU
		{CCD40673-2C7C-422E-8CB0-3BF27D3577F3}.Debug|ARM.ActiveCfg = Debug|ARM
		{CCD40673-2C7C-422E-8CB0-3BF27D3577F3}.Debug|ARM.Build.0 = Debug|ARM
		{CCD40673-2C7C-422E-8CB0-3BF27D3577F3}.Debug|ARM64.ActiveCfg = Debug|ARM64
		{CCD40673-2C7C-422E-8CB0-3BF27D3577F3}.Debug|ARM64.Build.0 = Debug|ARM64
		{CCD40673-2C7C-422E-8CB0-3BF27D3577F3}.Debug|x64.ActiveCfg = Debug|x64
		{CCD40673-2C7C-422E-8CB0-3BF27D3577F3}.Debug|x64.Build.0 = Debug|x64
		{CCD40673-2C7C-422E-8CB0-3BF27D3577F3}.Debug|x86.ActiveCfg = Debug|x86
		{CCD40673-2C7C-422E-8CB0-3BF27D3577F3}.Debug|x86.Build.0 = Debug|x86
		{CCD40673-2C7C-422E-8CB0-3BF27D3577F3}.Release|Any CPU.ActiveCfg = Release|Any CPU
		{CCD40673-2C7C-422E-8CB0-3BF27D3577F3}.Release|Any CPU.Build.0 = Release|Any CPU
		{CCD40673-2C7C-422E-8CB0-3BF27D3577F3}.Release|ARM.ActiveCfg = Release|ARM
		{CCD40673-2C7C-422E-8CB0-3BF27D3577F3}.Release|ARM.Build.0 = Release|ARM
		{CCD40673-2C7C-422E-8CB0-3BF27D3577F3}.Release|ARM64.ActiveCfg = Release|ARM64
		{CCD40673-2C7C-422E-8CB0-3BF27D3577F3}.Release|ARM64.Build.0 = Release|ARM64
		{CCD40673-2C7C-422E-8CB0-3BF27D3577F3}.Release|x64.ActiveCfg = Release|x64
		{CCD40673-2C7C-422E-8CB0-3BF27D3577F3}.Release|x64.Build.0 = Release|x64
		{CCD40673-2C7C-422E-8CB0-3BF27D3577F3}.Release|x86.ActiveCfg = Release|x86
		{CCD40673-2C7C-422E-8CB0-3BF27D3577F3}.Release|x86.Build.0 = Release|x86
		{1CEADE24-7C33-43E2-AB67-910F0959E1B9}.Debug|Any CPU.ActiveCfg = Debug|Any CPU
		{1CEADE24-7C33-43E2-AB67-910F0959E1B9}.Debug|Any CPU.Build.0 = Debug|Any CPU
		{1CEADE24-7C33-43E2-AB67-910F0959E1B9}.Debug|ARM.ActiveCfg = Debug|Any CPU
		{1CEADE24-7C33-43E2-AB67-910F0959E1B9}.Debug|ARM.Build.0 = Debug|Any CPU
		{1CEADE24-7C33-43E2-AB67-910F0959E1B9}.Debug|ARM64.ActiveCfg = Debug|Any CPU
		{1CEADE24-7C33-43E2-AB67-910F0959E1B9}.Debug|ARM64.Build.0 = Debug|Any CPU
		{1CEADE24-7C33-43E2-AB67-910F0959E1B9}.Debug|x64.ActiveCfg = Debug|Any CPU
		{1CEADE24-7C33-43E2-AB67-910F0959E1B9}.Debug|x64.Build.0 = Debug|Any CPU
		{1CEADE24-7C33-43E2-AB67-910F0959E1B9}.Debug|x86.ActiveCfg = Debug|Any CPU
		{1CEADE24-7C33-43E2-AB67-910F0959E1B9}.Debug|x86.Build.0 = Debug|Any CPU
		{1CEADE24-7C33-43E2-AB67-910F0959E1B9}.Release|Any CPU.ActiveCfg = Release|Any CPU
		{1CEADE24-7C33-43E2-AB67-910F0959E1B9}.Release|Any CPU.Build.0 = Release|Any CPU
		{1CEADE24-7C33-43E2-AB67-910F0959E1B9}.Release|ARM.ActiveCfg = Release|Any CPU
		{1CEADE24-7C33-43E2-AB67-910F0959E1B9}.Release|ARM.Build.0 = Release|Any CPU
		{1CEADE24-7C33-43E2-AB67-910F0959E1B9}.Release|ARM64.ActiveCfg = Release|Any CPU
		{1CEADE24-7C33-43E2-AB67-910F0959E1B9}.Release|ARM64.Build.0 = Release|Any CPU
		{1CEADE24-7C33-43E2-AB67-910F0959E1B9}.Release|x64.ActiveCfg = Release|Any CPU
		{1CEADE24-7C33-43E2-AB67-910F0959E1B9}.Release|x64.Build.0 = Release|Any CPU
		{1CEADE24-7C33-43E2-AB67-910F0959E1B9}.Release|x86.ActiveCfg = Release|Any CPU
		{1CEADE24-7C33-43E2-AB67-910F0959E1B9}.Release|x86.Build.0 = Release|Any CPU
		{C7FF8E9A-89E8-44FD-87AB-A4BD1B28828E}.Debug|Any CPU.ActiveCfg = Debug|Any CPU
		{C7FF8E9A-89E8-44FD-87AB-A4BD1B28828E}.Debug|Any CPU.Build.0 = Debug|Any CPU
		{C7FF8E9A-89E8-44FD-87AB-A4BD1B28828E}.Debug|ARM.ActiveCfg = Debug|Any CPU
		{C7FF8E9A-89E8-44FD-87AB-A4BD1B28828E}.Debug|ARM.Build.0 = Debug|Any CPU
		{C7FF8E9A-89E8-44FD-87AB-A4BD1B28828E}.Debug|ARM64.ActiveCfg = Debug|Any CPU
		{C7FF8E9A-89E8-44FD-87AB-A4BD1B28828E}.Debug|ARM64.Build.0 = Debug|Any CPU
		{C7FF8E9A-89E8-44FD-87AB-A4BD1B28828E}.Debug|x64.ActiveCfg = Debug|Any CPU
		{C7FF8E9A-89E8-44FD-87AB-A4BD1B28828E}.Debug|x64.Build.0 = Debug|Any CPU
		{C7FF8E9A-89E8-44FD-87AB-A4BD1B28828E}.Debug|x86.ActiveCfg = Debug|Any CPU
		{C7FF8E9A-89E8-44FD-87AB-A4BD1B28828E}.Debug|x86.Build.0 = Debug|Any CPU
		{C7FF8E9A-89E8-44FD-87AB-A4BD1B28828E}.Release|Any CPU.ActiveCfg = Release|Any CPU
		{C7FF8E9A-89E8-44FD-87AB-A4BD1B28828E}.Release|Any CPU.Build.0 = Release|Any CPU
		{C7FF8E9A-89E8-44FD-87AB-A4BD1B28828E}.Release|ARM.ActiveCfg = Release|Any CPU
		{C7FF8E9A-89E8-44FD-87AB-A4BD1B28828E}.Release|ARM.Build.0 = Release|Any CPU
		{C7FF8E9A-89E8-44FD-87AB-A4BD1B28828E}.Release|ARM64.ActiveCfg = Release|Any CPU
		{C7FF8E9A-89E8-44FD-87AB-A4BD1B28828E}.Release|ARM64.Build.0 = Release|Any CPU
		{C7FF8E9A-89E8-44FD-87AB-A4BD1B28828E}.Release|x64.ActiveCfg = Release|Any CPU
		{C7FF8E9A-89E8-44FD-87AB-A4BD1B28828E}.Release|x64.Build.0 = Release|Any CPU
		{C7FF8E9A-89E8-44FD-87AB-A4BD1B28828E}.Release|x86.ActiveCfg = Release|Any CPU
		{C7FF8E9A-89E8-44FD-87AB-A4BD1B28828E}.Release|x86.Build.0 = Release|Any CPU
		{CFF9AF76-39C9-431A-96C6-CB665761913F}.Debug|Any CPU.ActiveCfg = Debug|Any CPU
		{CFF9AF76-39C9-431A-96C6-CB665761913F}.Debug|Any CPU.Build.0 = Debug|Any CPU
		{CFF9AF76-39C9-431A-96C6-CB665761913F}.Debug|ARM.ActiveCfg = Debug|Any CPU
		{CFF9AF76-39C9-431A-96C6-CB665761913F}.Debug|ARM.Build.0 = Debug|Any CPU
		{CFF9AF76-39C9-431A-96C6-CB665761913F}.Debug|ARM64.ActiveCfg = Debug|Any CPU
		{CFF9AF76-39C9-431A-96C6-CB665761913F}.Debug|ARM64.Build.0 = Debug|Any CPU
		{CFF9AF76-39C9-431A-96C6-CB665761913F}.Debug|x64.ActiveCfg = Debug|Any CPU
		{CFF9AF76-39C9-431A-96C6-CB665761913F}.Debug|x64.Build.0 = Debug|Any CPU
		{CFF9AF76-39C9-431A-96C6-CB665761913F}.Debug|x86.ActiveCfg = Debug|Any CPU
		{CFF9AF76-39C9-431A-96C6-CB665761913F}.Debug|x86.Build.0 = Debug|Any CPU
		{CFF9AF76-39C9-431A-96C6-CB665761913F}.Release|Any CPU.ActiveCfg = Release|Any CPU
		{CFF9AF76-39C9-431A-96C6-CB665761913F}.Release|Any CPU.Build.0 = Release|Any CPU
		{CFF9AF76-39C9-431A-96C6-CB665761913F}.Release|ARM.ActiveCfg = Release|Any CPU
		{CFF9AF76-39C9-431A-96C6-CB665761913F}.Release|ARM.Build.0 = Release|Any CPU
		{CFF9AF76-39C9-431A-96C6-CB665761913F}.Release|ARM64.ActiveCfg = Release|Any CPU
		{CFF9AF76-39C9-431A-96C6-CB665761913F}.Release|ARM64.Build.0 = Release|Any CPU
		{CFF9AF76-39C9-431A-96C6-CB665761913F}.Release|x64.ActiveCfg = Release|Any CPU
		{CFF9AF76-39C9-431A-96C6-CB665761913F}.Release|x64.Build.0 = Release|Any CPU
		{CFF9AF76-39C9-431A-96C6-CB665761913F}.Release|x86.ActiveCfg = Release|Any CPU
		{CFF9AF76-39C9-431A-96C6-CB665761913F}.Release|x86.Build.0 = Release|Any CPU
		{EC35EF7D-9C19-44E2-9EE7-6AC2B1D3A122}.Debug|Any CPU.ActiveCfg = Debug|Any CPU
		{EC35EF7D-9C19-44E2-9EE7-6AC2B1D3A122}.Debug|Any CPU.Build.0 = Debug|Any CPU
		{EC35EF7D-9C19-44E2-9EE7-6AC2B1D3A122}.Debug|ARM.ActiveCfg = Debug|ARM
		{EC35EF7D-9C19-44E2-9EE7-6AC2B1D3A122}.Debug|ARM.Build.0 = Debug|ARM
		{EC35EF7D-9C19-44E2-9EE7-6AC2B1D3A122}.Debug|ARM64.ActiveCfg = Debug|ARM64
		{EC35EF7D-9C19-44E2-9EE7-6AC2B1D3A122}.Debug|ARM64.Build.0 = Debug|ARM64
		{EC35EF7D-9C19-44E2-9EE7-6AC2B1D3A122}.Debug|x64.ActiveCfg = Debug|x64
		{EC35EF7D-9C19-44E2-9EE7-6AC2B1D3A122}.Debug|x64.Build.0 = Debug|x64
		{EC35EF7D-9C19-44E2-9EE7-6AC2B1D3A122}.Debug|x86.ActiveCfg = Debug|x86
		{EC35EF7D-9C19-44E2-9EE7-6AC2B1D3A122}.Debug|x86.Build.0 = Debug|x86
		{EC35EF7D-9C19-44E2-9EE7-6AC2B1D3A122}.Release|Any CPU.ActiveCfg = Release|Any CPU
		{EC35EF7D-9C19-44E2-9EE7-6AC2B1D3A122}.Release|Any CPU.Build.0 = Release|Any CPU
		{EC35EF7D-9C19-44E2-9EE7-6AC2B1D3A122}.Release|ARM.ActiveCfg = Release|ARM
		{EC35EF7D-9C19-44E2-9EE7-6AC2B1D3A122}.Release|ARM.Build.0 = Release|ARM
		{EC35EF7D-9C19-44E2-9EE7-6AC2B1D3A122}.Release|ARM64.ActiveCfg = Release|ARM64
		{EC35EF7D-9C19-44E2-9EE7-6AC2B1D3A122}.Release|ARM64.Build.0 = Release|ARM64
		{EC35EF7D-9C19-44E2-9EE7-6AC2B1D3A122}.Release|x64.ActiveCfg = Release|x64
		{EC35EF7D-9C19-44E2-9EE7-6AC2B1D3A122}.Release|x64.Build.0 = Release|x64
		{EC35EF7D-9C19-44E2-9EE7-6AC2B1D3A122}.Release|x86.ActiveCfg = Release|x86
		{EC35EF7D-9C19-44E2-9EE7-6AC2B1D3A122}.Release|x86.Build.0 = Release|x86
		{EEAAC493-B14F-4838-9201-4238A62AC3DB}.Debug|Any CPU.ActiveCfg = Debug|Any CPU
		{EEAAC493-B14F-4838-9201-4238A62AC3DB}.Debug|Any CPU.Build.0 = Debug|Any CPU
		{EEAAC493-B14F-4838-9201-4238A62AC3DB}.Debug|ARM.ActiveCfg = Debug|Any CPU
		{EEAAC493-B14F-4838-9201-4238A62AC3DB}.Debug|ARM.Build.0 = Debug|Any CPU
		{EEAAC493-B14F-4838-9201-4238A62AC3DB}.Debug|ARM64.ActiveCfg = Debug|Any CPU
		{EEAAC493-B14F-4838-9201-4238A62AC3DB}.Debug|ARM64.Build.0 = Debug|Any CPU
		{EEAAC493-B14F-4838-9201-4238A62AC3DB}.Debug|x64.ActiveCfg = Debug|Any CPU
		{EEAAC493-B14F-4838-9201-4238A62AC3DB}.Debug|x64.Build.0 = Debug|Any CPU
		{EEAAC493-B14F-4838-9201-4238A62AC3DB}.Debug|x86.ActiveCfg = Debug|Any CPU
		{EEAAC493-B14F-4838-9201-4238A62AC3DB}.Debug|x86.Build.0 = Debug|Any CPU
		{EEAAC493-B14F-4838-9201-4238A62AC3DB}.Release|Any CPU.ActiveCfg = Release|Any CPU
		{EEAAC493-B14F-4838-9201-4238A62AC3DB}.Release|Any CPU.Build.0 = Release|Any CPU
		{EEAAC493-B14F-4838-9201-4238A62AC3DB}.Release|ARM.ActiveCfg = Release|Any CPU
		{EEAAC493-B14F-4838-9201-4238A62AC3DB}.Release|ARM.Build.0 = Release|Any CPU
		{EEAAC493-B14F-4838-9201-4238A62AC3DB}.Release|ARM64.ActiveCfg = Release|Any CPU
		{EEAAC493-B14F-4838-9201-4238A62AC3DB}.Release|ARM64.Build.0 = Release|Any CPU
		{EEAAC493-B14F-4838-9201-4238A62AC3DB}.Release|x64.ActiveCfg = Release|Any CPU
		{EEAAC493-B14F-4838-9201-4238A62AC3DB}.Release|x64.Build.0 = Release|Any CPU
		{EEAAC493-B14F-4838-9201-4238A62AC3DB}.Release|x86.ActiveCfg = Release|Any CPU
		{EEAAC493-B14F-4838-9201-4238A62AC3DB}.Release|x86.Build.0 = Release|Any CPU
		{465B2110-DFB5-49E2-B17B-DA330581A473}.Debug|Any CPU.ActiveCfg = Debug|Any CPU
		{465B2110-DFB5-49E2-B17B-DA330581A473}.Debug|Any CPU.Build.0 = Debug|Any CPU
		{465B2110-DFB5-49E2-B17B-DA330581A473}.Debug|ARM.ActiveCfg = Debug|Any CPU
		{465B2110-DFB5-49E2-B17B-DA330581A473}.Debug|ARM.Build.0 = Debug|Any CPU
		{465B2110-DFB5-49E2-B17B-DA330581A473}.Debug|ARM64.ActiveCfg = Debug|Any CPU
		{465B2110-DFB5-49E2-B17B-DA330581A473}.Debug|ARM64.Build.0 = Debug|Any CPU
		{465B2110-DFB5-49E2-B17B-DA330581A473}.Debug|x64.ActiveCfg = Debug|Any CPU
		{465B2110-DFB5-49E2-B17B-DA330581A473}.Debug|x64.Build.0 = Debug|Any CPU
		{465B2110-DFB5-49E2-B17B-DA330581A473}.Debug|x86.ActiveCfg = Debug|Any CPU
		{465B2110-DFB5-49E2-B17B-DA330581A473}.Debug|x86.Build.0 = Debug|Any CPU
		{465B2110-DFB5-49E2-B17B-DA330581A473}.Release|Any CPU.ActiveCfg = Release|Any CPU
		{465B2110-DFB5-49E2-B17B-DA330581A473}.Release|Any CPU.Build.0 = Release|Any CPU
		{465B2110-DFB5-49E2-B17B-DA330581A473}.Release|ARM.ActiveCfg = Release|Any CPU
		{465B2110-DFB5-49E2-B17B-DA330581A473}.Release|ARM.Build.0 = Release|Any CPU
		{465B2110-DFB5-49E2-B17B-DA330581A473}.Release|ARM64.ActiveCfg = Release|Any CPU
		{465B2110-DFB5-49E2-B17B-DA330581A473}.Release|ARM64.Build.0 = Release|Any CPU
		{465B2110-DFB5-49E2-B17B-DA330581A473}.Release|x64.ActiveCfg = Release|Any CPU
		{465B2110-DFB5-49E2-B17B-DA330581A473}.Release|x64.Build.0 = Release|Any CPU
		{465B2110-DFB5-49E2-B17B-DA330581A473}.Release|x86.ActiveCfg = Release|Any CPU
		{465B2110-DFB5-49E2-B17B-DA330581A473}.Release|x86.Build.0 = Release|Any CPU
		{93A17B8A-BC49-4209-A2B3-32DAFAA22BFB}.Debug|Any CPU.ActiveCfg = Debug|Any CPU
		{93A17B8A-BC49-4209-A2B3-32DAFAA22BFB}.Debug|Any CPU.Build.0 = Debug|Any CPU
		{93A17B8A-BC49-4209-A2B3-32DAFAA22BFB}.Debug|ARM.ActiveCfg = Debug|ARM
		{93A17B8A-BC49-4209-A2B3-32DAFAA22BFB}.Debug|ARM.Build.0 = Debug|ARM
		{93A17B8A-BC49-4209-A2B3-32DAFAA22BFB}.Debug|ARM64.ActiveCfg = Debug|ARM64
		{93A17B8A-BC49-4209-A2B3-32DAFAA22BFB}.Debug|ARM64.Build.0 = Debug|ARM64
		{93A17B8A-BC49-4209-A2B3-32DAFAA22BFB}.Debug|x64.ActiveCfg = Debug|x64
		{93A17B8A-BC49-4209-A2B3-32DAFAA22BFB}.Debug|x64.Build.0 = Debug|x64
		{93A17B8A-BC49-4209-A2B3-32DAFAA22BFB}.Debug|x86.ActiveCfg = Debug|x86
		{93A17B8A-BC49-4209-A2B3-32DAFAA22BFB}.Debug|x86.Build.0 = Debug|x86
		{93A17B8A-BC49-4209-A2B3-32DAFAA22BFB}.Release|Any CPU.ActiveCfg = Release|Any CPU
		{93A17B8A-BC49-4209-A2B3-32DAFAA22BFB}.Release|Any CPU.Build.0 = Release|Any CPU
		{93A17B8A-BC49-4209-A2B3-32DAFAA22BFB}.Release|ARM.ActiveCfg = Release|ARM
		{93A17B8A-BC49-4209-A2B3-32DAFAA22BFB}.Release|ARM.Build.0 = Release|ARM
		{93A17B8A-BC49-4209-A2B3-32DAFAA22BFB}.Release|ARM64.ActiveCfg = Release|ARM64
		{93A17B8A-BC49-4209-A2B3-32DAFAA22BFB}.Release|ARM64.Build.0 = Release|ARM64
		{93A17B8A-BC49-4209-A2B3-32DAFAA22BFB}.Release|x64.ActiveCfg = Release|x64
		{93A17B8A-BC49-4209-A2B3-32DAFAA22BFB}.Release|x64.Build.0 = Release|x64
		{93A17B8A-BC49-4209-A2B3-32DAFAA22BFB}.Release|x86.ActiveCfg = Release|x86
		{93A17B8A-BC49-4209-A2B3-32DAFAA22BFB}.Release|x86.Build.0 = Release|x86
	EndGlobalSection
	GlobalSection(SolutionProperties) = preSolution
		HideSolutionNode = FALSE
	EndGlobalSection
	GlobalSection(NestedProjects) = preSolution
		{D56689B2-B27C-4E99-8FB1-95BDAD0155FB} = {20EB266E-C431-40C8-9578-B5CF9766B99E}
		{F0870371-74D8-4673-9875-E4334BE601C0} = {20EB266E-C431-40C8-9578-B5CF9766B99E}
		{9E90BDCB-1983-4776-BC87-43A40D0CF73C} = {EC59272C-970C-4115-9209-E519CAAFE754}
		{60E5636A-6529-49ED-AA46-20064F8B8FCF} = {7849F8AD-C750-459E-B01F-C6830A16D4D3}
		{3F94B654-C7C8-4418-A160-0CC7DDBB14B6} = {60E5636A-6529-49ED-AA46-20064F8B8FCF}
		{F712ED05-5E99-481F-A986-C2CD01BDD91D} = {60E5636A-6529-49ED-AA46-20064F8B8FCF}
		{CCD40673-2C7C-422E-8CB0-3BF27D3577F3} = {60E5636A-6529-49ED-AA46-20064F8B8FCF}
		{1CEADE24-7C33-43E2-AB67-910F0959E1B9} = {60E5636A-6529-49ED-AA46-20064F8B8FCF}
		{D51FAA9C-B073-43AA-B009-F3E0BD7C7020} = {7849F8AD-C750-459E-B01F-C6830A16D4D3}
		{C7FF8E9A-89E8-44FD-87AB-A4BD1B28828E} = {EC59272C-970C-4115-9209-E519CAAFE754}
		{CFF9AF76-39C9-431A-96C6-CB665761913F} = {D51FAA9C-B073-43AA-B009-F3E0BD7C7020}
		{EC35EF7D-9C19-44E2-9EE7-6AC2B1D3A122} = {D51FAA9C-B073-43AA-B009-F3E0BD7C7020}
		{EEAAC493-B14F-4838-9201-4238A62AC3DB} = {D51FAA9C-B073-43AA-B009-F3E0BD7C7020}
		{6CB17CEB-FEA2-45FC-B337-70E1F82ED5DB} = {7849F8AD-C750-459E-B01F-C6830A16D4D3}
		{465B2110-DFB5-49E2-B17B-DA330581A473} = {6CB17CEB-FEA2-45FC-B337-70E1F82ED5DB}
		{93A17B8A-BC49-4209-A2B3-32DAFAA22BFB} = {6CB17CEB-FEA2-45FC-B337-70E1F82ED5DB}
	EndGlobalSection
	GlobalSection(ExtensibilityGlobals) = postSolution
		SolutionGuid = {F29EEC5A-90E4-457A-A69C-54A76F2365EA}
	EndGlobalSection
EndGlobal
